// !$*UTF8*$!
{
	archiveVersion = 1;
	classes = {
	};
	objectVersion = 56;
	objects = {

/* Begin PBXBuildFile section */
		ED8B3A1929B0C87100C0EA78 /* RandomPlaceApp.swift in Sources */ = {isa = PBXBuildFile; fileRef = ED8B3A1829B0C87100C0EA78 /* RandomPlaceApp.swift */; };
		ED8B3A1B29B0C87100C0EA78 /* ContentView.swift in Sources */ = {isa = PBXBuildFile; fileRef = ED8B3A1A29B0C87100C0EA78 /* ContentView.swift */; };
		ED8B3A1D29B0C87200C0EA78 /* Assets.xcassets in Resources */ = {isa = PBXBuildFile; fileRef = ED8B3A1C29B0C87200C0EA78 /* Assets.xcassets */; };
		ED8B3A2029B0C87200C0EA78 /* Preview Assets.xcassets in Resources */ = {isa = PBXBuildFile; fileRef = ED8B3A1F29B0C87200C0EA78 /* Preview Assets.xcassets */; };
		ED8B3A2A29B0C87300C0EA78 /* RandomPlaceTests.swift in Sources */ = {isa = PBXBuildFile; fileRef = ED8B3A2929B0C87300C0EA78 /* RandomPlaceTests.swift */; };
		ED8B3A3429B0C87300C0EA78 /* RandomPlaceUITests.swift in Sources */ = {isa = PBXBuildFile; fileRef = ED8B3A3329B0C87300C0EA78 /* RandomPlaceUITests.swift */; };
		ED8B3A3629B0C87300C0EA78 /* RandomPlaceUITestsLaunchTests.swift in Sources */ = {isa = PBXBuildFile; fileRef = ED8B3A3529B0C87300C0EA78 /* RandomPlaceUITestsLaunchTests.swift */; };
		ED8B3A4529B0CA4900C0EA78 /* TopArea.swift in Sources */ = {isa = PBXBuildFile; fileRef = ED8B3A4429B0CA4900C0EA78 /* TopArea.swift */; };
		ED8B3A4729B0CD6A00C0EA78 /* RandomView.swift in Sources */ = {isa = PBXBuildFile; fileRef = ED8B3A4629B0CD6A00C0EA78 /* RandomView.swift */; };
		ED8B3A4929B0D30F00C0EA78 /* HelpView.swift in Sources */ = {isa = PBXBuildFile; fileRef = ED8B3A4829B0D30F00C0EA78 /* HelpView.swift */; };
		ED8B3A4A29B0E2E200C0EA78 /* Assets.xcassets in Resources */ = {isa = PBXBuildFile; fileRef = ED8B3A1C29B0C87200C0EA78 /* Assets.xcassets */; };
		ED8B3A4B29B0E2E200C0EA78 /* Assets.xcassets in Resources */ = {isa = PBXBuildFile; fileRef = ED8B3A1C29B0C87200C0EA78 /* Assets.xcassets */; };
		EDA81FC729B1E78C008480E6 /* info.plist in Resources */ = {isa = PBXBuildFile; fileRef = EDA81FC629B1E78C008480E6 /* info.plist */; };
		EDB4CD1F29B1BBA000134EEE /* FoodModel.swift in Sources */ = {isa = PBXBuildFile; fileRef = EDB4CD1E29B1BBA000134EEE /* FoodModel.swift */; };
/* End PBXBuildFile section */

/* Begin PBXContainerItemProxy section */
		ED8B3A2629B0C87300C0EA78 /* PBXContainerItemProxy */ = {
			isa = PBXContainerItemProxy;
			containerPortal = ED8B3A0D29B0C87100C0EA78 /* Project object */;
			proxyType = 1;
			remoteGlobalIDString = ED8B3A1429B0C87100C0EA78;
			remoteInfo = RandomPlace;
		};
		ED8B3A3029B0C87300C0EA78 /* PBXContainerItemProxy */ = {
			isa = PBXContainerItemProxy;
			containerPortal = ED8B3A0D29B0C87100C0EA78 /* Project object */;
			proxyType = 1;
			remoteGlobalIDString = ED8B3A1429B0C87100C0EA78;
			remoteInfo = RandomPlace;
		};
/* End PBXContainerItemProxy section */

/* Begin PBXFileReference section */
		ED8B3A1529B0C87100C0EA78 /* RandomPlace.app */ = {isa = PBXFileReference; explicitFileType = wrapper.application; includeInIndex = 0; path = RandomPlace.app; sourceTree = BUILT_PRODUCTS_DIR; };
		ED8B3A1829B0C87100C0EA78 /* RandomPlaceApp.swift */ = {isa = PBXFileReference; lastKnownFileType = sourcecode.swift; path = RandomPlaceApp.swift; sourceTree = "<group>"; };
		ED8B3A1A29B0C87100C0EA78 /* ContentView.swift */ = {isa = PBXFileReference; lastKnownFileType = sourcecode.swift; path = ContentView.swift; sourceTree = "<group>"; };
		ED8B3A1C29B0C87200C0EA78 /* Assets.xcassets */ = {isa = PBXFileReference; lastKnownFileType = folder.assetcatalog; path = Assets.xcassets; sourceTree = "<group>"; };
		ED8B3A1F29B0C87200C0EA78 /* Preview Assets.xcassets */ = {isa = PBXFileReference; lastKnownFileType = folder.assetcatalog; path = "Preview Assets.xcassets"; sourceTree = "<group>"; };
		ED8B3A2529B0C87300C0EA78 /* RandomPlaceTests.xctest */ = {isa = PBXFileReference; explicitFileType = wrapper.cfbundle; includeInIndex = 0; path = RandomPlaceTests.xctest; sourceTree = BUILT_PRODUCTS_DIR; };
		ED8B3A2929B0C87300C0EA78 /* RandomPlaceTests.swift */ = {isa = PBXFileReference; lastKnownFileType = sourcecode.swift; path = RandomPlaceTests.swift; sourceTree = "<group>"; };
		ED8B3A2F29B0C87300C0EA78 /* RandomPlaceUITests.xctest */ = {isa = PBXFileReference; explicitFileType = wrapper.cfbundle; includeInIndex = 0; path = RandomPlaceUITests.xctest; sourceTree = BUILT_PRODUCTS_DIR; };
		ED8B3A3329B0C87300C0EA78 /* RandomPlaceUITests.swift */ = {isa = PBXFileReference; lastKnownFileType = sourcecode.swift; path = RandomPlaceUITests.swift; sourceTree = "<group>"; };
		ED8B3A3529B0C87300C0EA78 /* RandomPlaceUITestsLaunchTests.swift */ = {isa = PBXFileReference; lastKnownFileType = sourcecode.swift; path = RandomPlaceUITestsLaunchTests.swift; sourceTree = "<group>"; };
		ED8B3A4429B0CA4900C0EA78 /* TopArea.swift */ = {isa = PBXFileReference; lastKnownFileType = sourcecode.swift; path = TopArea.swift; sourceTree = "<group>"; };
		ED8B3A4629B0CD6A00C0EA78 /* RandomView.swift */ = {isa = PBXFileReference; lastKnownFileType = sourcecode.swift; path = RandomView.swift; sourceTree = "<group>"; };
		ED8B3A4829B0D30F00C0EA78 /* HelpView.swift */ = {isa = PBXFileReference; lastKnownFileType = sourcecode.swift; path = HelpView.swift; sourceTree = "<group>"; };
		EDA81FC629B1E78C008480E6 /* info.plist */ = {isa = PBXFileReference; lastKnownFileType = text.plist.xml; path = info.plist; sourceTree = "<group>"; };
		EDB4CD1E29B1BBA000134EEE /* FoodModel.swift */ = {isa = PBXFileReference; lastKnownFileType = sourcecode.swift; path = FoodModel.swift; sourceTree = "<group>"; };
/* End PBXFileReference section */

/* Begin PBXFrameworksBuildPhase section */
		ED8B3A1229B0C87100C0EA78 /* Frameworks */ = {
			isa = PBXFrameworksBuildPhase;
			buildActionMask = 2147483647;
			files = (
			);
			runOnlyForDeploymentPostprocessing = 0;
		};
		ED8B3A2229B0C87300C0EA78 /* Frameworks */ = {
			isa = PBXFrameworksBuildPhase;
			buildActionMask = 2147483647;
			files = (
			);
			runOnlyForDeploymentPostprocessing = 0;
		};
		ED8B3A2C29B0C87300C0EA78 /* Frameworks */ = {
			isa = PBXFrameworksBuildPhase;
			buildActionMask = 2147483647;
			files = (
			);
			runOnlyForDeploymentPostprocessing = 0;
		};
/* End PBXFrameworksBuildPhase section */

/* Begin PBXGroup section */
		ED8B3A0C29B0C87100C0EA78 = {
			isa = PBXGroup;
			children = (
				ED8B3A1729B0C87100C0EA78 /* RandomPlace */,
				ED8B3A2829B0C87300C0EA78 /* RandomPlaceTests */,
				ED8B3A3229B0C87300C0EA78 /* RandomPlaceUITests */,
				ED8B3A1629B0C87100C0EA78 /* Products */,
			);
			sourceTree = "<group>";
		};
		ED8B3A1629B0C87100C0EA78 /* Products */ = {
			isa = PBXGroup;
			children = (
				ED8B3A1529B0C87100C0EA78 /* RandomPlace.app */,
				ED8B3A2529B0C87300C0EA78 /* RandomPlaceTests.xctest */,
				ED8B3A2F29B0C87300C0EA78 /* RandomPlaceUITests.xctest */,
			);
			name = Products;
			sourceTree = "<group>";
		};
		ED8B3A1729B0C87100C0EA78 /* RandomPlace */ = {
			isa = PBXGroup;
			children = (
				EDA81FC629B1E78C008480E6 /* info.plist */,
				ED8B3A1C29B0C87200C0EA78 /* Assets.xcassets */,
				ED8B3A1829B0C87100C0EA78 /* RandomPlaceApp.swift */,
				ED8B3A4429B0CA4900C0EA78 /* TopArea.swift */,
				ED8B3A4629B0CD6A00C0EA78 /* RandomView.swift */,
				ED8B3A1A29B0C87100C0EA78 /* ContentView.swift */,
				EDB4CD1E29B1BBA000134EEE /* FoodModel.swift */,
				ED8B3A1E29B0C87200C0EA78 /* Preview Content */,
				ED8B3A4829B0D30F00C0EA78 /* HelpView.swift */,
			);
			path = RandomPlace;
			sourceTree = "<group>";
		};
		ED8B3A1E29B0C87200C0EA78 /* Preview Content */ = {
			isa = PBXGroup;
			children = (
				ED8B3A1F29B0C87200C0EA78 /* Preview Assets.xcassets */,
			);
			path = "Preview Content";
			sourceTree = "<group>";
		};
		ED8B3A2829B0C87300C0EA78 /* RandomPlaceTests */ = {
			isa = PBXGroup;
			children = (
				ED8B3A2929B0C87300C0EA78 /* RandomPlaceTests.swift */,
			);
			path = RandomPlaceTests;
			sourceTree = "<group>";
		};
		ED8B3A3229B0C87300C0EA78 /* RandomPlaceUITests */ = {
			isa = PBXGroup;
			children = (
				ED8B3A3329B0C87300C0EA78 /* RandomPlaceUITests.swift */,
				ED8B3A3529B0C87300C0EA78 /* RandomPlaceUITestsLaunchTests.swift */,
			);
			path = RandomPlaceUITests;
			sourceTree = "<group>";
		};
/* End PBXGroup section */

/* Begin PBXNativeTarget section */
		ED8B3A1429B0C87100C0EA78 /* RandomPlace */ = {
			isa = PBXNativeTarget;
			buildConfigurationList = ED8B3A3929B0C87300C0EA78 /* Build configuration list for PBXNativeTarget "RandomPlace" */;
			buildPhases = (
				ED8B3A1129B0C87100C0EA78 /* Sources */,
				ED8B3A1229B0C87100C0EA78 /* Frameworks */,
				ED8B3A1329B0C87100C0EA78 /* Resources */,
			);
			buildRules = (
			);
			dependencies = (
			);
			name = RandomPlace;
			productName = RandomPlace;
			productReference = ED8B3A1529B0C87100C0EA78 /* RandomPlace.app */;
			productType = "com.apple.product-type.application";
		};
		ED8B3A2429B0C87300C0EA78 /* RandomPlaceTests */ = {
			isa = PBXNativeTarget;
			buildConfigurationList = ED8B3A3C29B0C87300C0EA78 /* Build configuration list for PBXNativeTarget "RandomPlaceTests" */;
			buildPhases = (
				ED8B3A2129B0C87300C0EA78 /* Sources */,
				ED8B3A2229B0C87300C0EA78 /* Frameworks */,
				ED8B3A2329B0C87300C0EA78 /* Resources */,
			);
			buildRules = (
			);
			dependencies = (
				ED8B3A2729B0C87300C0EA78 /* PBXTargetDependency */,
			);
			name = RandomPlaceTests;
			productName = RandomPlaceTests;
			productReference = ED8B3A2529B0C87300C0EA78 /* RandomPlaceTests.xctest */;
			productType = "com.apple.product-type.bundle.unit-test";
		};
		ED8B3A2E29B0C87300C0EA78 /* RandomPlaceUITests */ = {
			isa = PBXNativeTarget;
			buildConfigurationList = ED8B3A3F29B0C87300C0EA78 /* Build configuration list for PBXNativeTarget "RandomPlaceUITests" */;
			buildPhases = (
				ED8B3A2B29B0C87300C0EA78 /* Sources */,
				ED8B3A2C29B0C87300C0EA78 /* Frameworks */,
				ED8B3A2D29B0C87300C0EA78 /* Resources */,
			);
			buildRules = (
			);
			dependencies = (
				ED8B3A3129B0C87300C0EA78 /* PBXTargetDependency */,
			);
			name = RandomPlaceUITests;
			productName = RandomPlaceUITests;
			productReference = ED8B3A2F29B0C87300C0EA78 /* RandomPlaceUITests.xctest */;
			productType = "com.apple.product-type.bundle.ui-testing";
		};
/* End PBXNativeTarget section */

/* Begin PBXProject section */
		ED8B3A0D29B0C87100C0EA78 /* Project object */ = {
			isa = PBXProject;
			attributes = {
				BuildIndependentTargetsInParallel = 1;
				LastSwiftUpdateCheck = 1420;
				LastUpgradeCheck = 1420;
				TargetAttributes = {
					ED8B3A1429B0C87100C0EA78 = {
						CreatedOnToolsVersion = 14.2;
					};
					ED8B3A2429B0C87300C0EA78 = {
						CreatedOnToolsVersion = 14.2;
						TestTargetID = ED8B3A1429B0C87100C0EA78;
					};
					ED8B3A2E29B0C87300C0EA78 = {
						CreatedOnToolsVersion = 14.2;
						TestTargetID = ED8B3A1429B0C87100C0EA78;
					};
				};
			};
			buildConfigurationList = ED8B3A1029B0C87100C0EA78 /* Build configuration list for PBXProject "RandomPlace" */;
			compatibilityVersion = "Xcode 14.0";
			developmentRegion = en;
			hasScannedForEncodings = 0;
			knownRegions = (
				en,
				Base,
			);
			mainGroup = ED8B3A0C29B0C87100C0EA78;
			productRefGroup = ED8B3A1629B0C87100C0EA78 /* Products */;
			projectDirPath = "";
			projectRoot = "";
			targets = (
				ED8B3A1429B0C87100C0EA78 /* RandomPlace */,
				ED8B3A2429B0C87300C0EA78 /* RandomPlaceTests */,
				ED8B3A2E29B0C87300C0EA78 /* RandomPlaceUITests */,
			);
		};
/* End PBXProject section */

/* Begin PBXResourcesBuildPhase section */
		ED8B3A1329B0C87100C0EA78 /* Resources */ = {
			isa = PBXResourcesBuildPhase;
			buildActionMask = 2147483647;
			files = (
				ED8B3A2029B0C87200C0EA78 /* Preview Assets.xcassets in Resources */,
				ED8B3A1D29B0C87200C0EA78 /* Assets.xcassets in Resources */,
				EDA81FC729B1E78C008480E6 /* info.plist in Resources */,
			);
			runOnlyForDeploymentPostprocessing = 0;
		};
		ED8B3A2329B0C87300C0EA78 /* Resources */ = {
			isa = PBXResourcesBuildPhase;
			buildActionMask = 2147483647;
			files = (
				ED8B3A4A29B0E2E200C0EA78 /* Assets.xcassets in Resources */,
			);
			runOnlyForDeploymentPostprocessing = 0;
		};
		ED8B3A2D29B0C87300C0EA78 /* Resources */ = {
			isa = PBXResourcesBuildPhase;
			buildActionMask = 2147483647;
			files = (
				ED8B3A4B29B0E2E200C0EA78 /* Assets.xcassets in Resources */,
			);
			runOnlyForDeploymentPostprocessing = 0;
		};
/* End PBXResourcesBuildPhase section */

/* Begin PBXSourcesBuildPhase section */
		ED8B3A1129B0C87100C0EA78 /* Sources */ = {
			isa = PBXSourcesBuildPhase;
			buildActionMask = 2147483647;
			files = (
				ED8B3A4529B0CA4900C0EA78 /* TopArea.swift in Sources */,
				ED8B3A4929B0D30F00C0EA78 /* HelpView.swift in Sources */,
				ED8B3A4729B0CD6A00C0EA78 /* RandomView.swift in Sources */,
				ED8B3A1B29B0C87100C0EA78 /* ContentView.swift in Sources */,
				ED8B3A1929B0C87100C0EA78 /* RandomPlaceApp.swift in Sources */,
				EDB4CD1F29B1BBA000134EEE /* FoodModel.swift in Sources */,
			);
			runOnlyForDeploymentPostprocessing = 0;
		};
		ED8B3A2129B0C87300C0EA78 /* Sources */ = {
			isa = PBXSourcesBuildPhase;
			buildActionMask = 2147483647;
			files = (
				ED8B3A2A29B0C87300C0EA78 /* RandomPlaceTests.swift in Sources */,
			);
			runOnlyForDeploymentPostprocessing = 0;
		};
		ED8B3A2B29B0C87300C0EA78 /* Sources */ = {
			isa = PBXSourcesBuildPhase;
			buildActionMask = 2147483647;
			files = (
				ED8B3A3429B0C87300C0EA78 /* RandomPlaceUITests.swift in Sources */,
				ED8B3A3629B0C87300C0EA78 /* RandomPlaceUITestsLaunchTests.swift in Sources */,
			);
			runOnlyForDeploymentPostprocessing = 0;
		};
/* End PBXSourcesBuildPhase section */

/* Begin PBXTargetDependency section */
		ED8B3A2729B0C87300C0EA78 /* PBXTargetDependency */ = {
			isa = PBXTargetDependency;
			target = ED8B3A1429B0C87100C0EA78 /* RandomPlace */;
			targetProxy = ED8B3A2629B0C87300C0EA78 /* PBXContainerItemProxy */;
		};
		ED8B3A3129B0C87300C0EA78 /* PBXTargetDependency */ = {
			isa = PBXTargetDependency;
			target = ED8B3A1429B0C87100C0EA78 /* RandomPlace */;
			targetProxy = ED8B3A3029B0C87300C0EA78 /* PBXContainerItemProxy */;
		};
/* End PBXTargetDependency section */

/* Begin XCBuildConfiguration section */
		ED8B3A3729B0C87300C0EA78 /* Debug */ = {
			isa = XCBuildConfiguration;
			buildSettings = {
				ALWAYS_SEARCH_USER_PATHS = NO;
				CLANG_ANALYZER_NONNULL = YES;
				CLANG_ANALYZER_NUMBER_OBJECT_CONVERSION = YES_AGGRESSIVE;
				CLANG_CXX_LANGUAGE_STANDARD = "gnu++20";
				CLANG_ENABLE_MODULES = YES;
				CLANG_ENABLE_OBJC_ARC = YES;
				CLANG_ENABLE_OBJC_WEAK = YES;
				CLANG_WARN_BLOCK_CAPTURE_AUTORELEASING = YES;
				CLANG_WARN_BOOL_CONVERSION = YES;
				CLANG_WARN_COMMA = YES;
				CLANG_WARN_CONSTANT_CONVERSION = YES;
				CLANG_WARN_DEPRECATED_OBJC_IMPLEMENTATIONS = YES;
				CLANG_WARN_DIRECT_OBJC_ISA_USAGE = YES_ERROR;
				CLANG_WARN_DOCUMENTATION_COMMENTS = YES;
				CLANG_WARN_EMPTY_BODY = YES;
				CLANG_WARN_ENUM_CONVERSION = YES;
				CLANG_WARN_INFINITE_RECURSION = YES;
				CLANG_WARN_INT_CONVERSION = YES;
				CLANG_WARN_NON_LITERAL_NULL_CONVERSION = YES;
				CLANG_WARN_OBJC_IMPLICIT_RETAIN_SELF = YES;
				CLANG_WARN_OBJC_LITERAL_CONVERSION = YES;
				CLANG_WARN_OBJC_ROOT_CLASS = YES_ERROR;
				CLANG_WARN_QUOTED_INCLUDE_IN_FRAMEWORK_HEADER = YES;
				CLANG_WARN_RANGE_LOOP_ANALYSIS = YES;
				CLANG_WARN_STRICT_PROTOTYPES = YES;
				CLANG_WARN_SUSPICIOUS_MOVE = YES;
				CLANG_WARN_UNGUARDED_AVAILABILITY = YES_AGGRESSIVE;
				CLANG_WARN_UNREACHABLE_CODE = YES;
				CLANG_WARN__DUPLICATE_METHOD_MATCH = YES;
				COPY_PHASE_STRIP = NO;
				DEBUG_INFORMATION_FORMAT = dwarf;
				ENABLE_STRICT_OBJC_MSGSEND = YES;
				ENABLE_TESTABILITY = YES;
				GCC_C_LANGUAGE_STANDARD = gnu11;
				GCC_DYNAMIC_NO_PIC = NO;
				GCC_NO_COMMON_BLOCKS = YES;
				GCC_OPTIMIZATION_LEVEL = 0;
				GCC_PREPROCESSOR_DEFINITIONS = (
					"DEBUG=1",
					"$(inherited)",
				);
				GCC_WARN_64_TO_32_BIT_CONVERSION = YES;
				GCC_WARN_ABOUT_RETURN_TYPE = YES_ERROR;
				GCC_WARN_UNDECLARED_SELECTOR = YES;
				GCC_WARN_UNINITIALIZED_AUTOS = YES_AGGRESSIVE;
				GCC_WARN_UNUSED_FUNCTION = YES;
				GCC_WARN_UNUSED_VARIABLE = YES;
				IPHONEOS_DEPLOYMENT_TARGET = 16.2;
				MTL_ENABLE_DEBUG_INFO = INCLUDE_SOURCE;
				MTL_FAST_MATH = YES;
				ONLY_ACTIVE_ARCH = YES;
				SDKROOT = iphoneos;
				SWIFT_ACTIVE_COMPILATION_CONDITIONS = DEBUG;
				SWIFT_OPTIMIZATION_LEVEL = "-Onone";
			};
			name = Debug;
		};
		ED8B3A3829B0C87300C0EA78 /* Release */ = {
			isa = XCBuildConfiguration;
			buildSettings = {
				ALWAYS_SEARCH_USER_PATHS = NO;
				CLANG_ANALYZER_NONNULL = YES;
				CLANG_ANALYZER_NUMBER_OBJECT_CONVERSION = YES_AGGRESSIVE;
				CLANG_CXX_LANGUAGE_STANDARD = "gnu++20";
				CLANG_ENABLE_MODULES = YES;
				CLANG_ENABLE_OBJC_ARC = YES;
				CLANG_ENABLE_OBJC_WEAK = YES;
				CLANG_WARN_BLOCK_CAPTURE_AUTORELEASING = YES;
				CLANG_WARN_BOOL_CONVERSION = YES;
				CLANG_WARN_COMMA = YES;
				CLANG_WARN_CONSTANT_CONVERSION = YES;
				CLANG_WARN_DEPRECATED_OBJC_IMPLEMENTATIONS = YES;
				CLANG_WARN_DIRECT_OBJC_ISA_USAGE = YES_ERROR;
				CLANG_WARN_DOCUMENTATION_COMMENTS = YES;
				CLANG_WARN_EMPTY_BODY = YES;
				CLANG_WARN_ENUM_CONVERSION = YES;
				CLANG_WARN_INFINITE_RECURSION = YES;
				CLANG_WARN_INT_CONVERSION = YES;
				CLANG_WARN_NON_LITERAL_NULL_CONVERSION = YES;
				CLANG_WARN_OBJC_IMPLICIT_RETAIN_SELF = YES;
				CLANG_WARN_OBJC_LITERAL_CONVERSION = YES;
				CLANG_WARN_OBJC_ROOT_CLASS = YES_ERROR;
				CLANG_WARN_QUOTED_INCLUDE_IN_FRAMEWORK_HEADER = YES;
				CLANG_WARN_RANGE_LOOP_ANALYSIS = YES;
				CLANG_WARN_STRICT_PROTOTYPES = YES;
				CLANG_WARN_SUSPICIOUS_MOVE = YES;
				CLANG_WARN_UNGUARDED_AVAILABILITY = YES_AGGRESSIVE;
				CLANG_WARN_UNREACHABLE_CODE = YES;
				CLANG_WARN__DUPLICATE_METHOD_MATCH = YES;
				COPY_PHASE_STRIP = NO;
				DEBUG_INFORMATION_FORMAT = "dwarf-with-dsym";
				ENABLE_NS_ASSERTIONS = NO;
				ENABLE_STRICT_OBJC_MSGSEND = YES;
				GCC_C_LANGUAGE_STANDARD = gnu11;
				GCC_NO_COMMON_BLOCKS = YES;
				GCC_WARN_64_TO_32_BIT_CONVERSION = YES;
				GCC_WARN_ABOUT_RETURN_TYPE = YES_ERROR;
				GCC_WARN_UNDECLARED_SELECTOR = YES;
				GCC_WARN_UNINITIALIZED_AUTOS = YES_AGGRESSIVE;
				GCC_WARN_UNUSED_FUNCTION = YES;
				GCC_WARN_UNUSED_VARIABLE = YES;
				IPHONEOS_DEPLOYMENT_TARGET = 16.2;
				MTL_ENABLE_DEBUG_INFO = NO;
				MTL_FAST_MATH = YES;
				SDKROOT = iphoneos;
				SWIFT_COMPILATION_MODE = wholemodule;
				SWIFT_OPTIMIZATION_LEVEL = "-O";
				VALIDATE_PRODUCT = YES;
			};
			name = Release;
		};
		ED8B3A3A29B0C87300C0EA78 /* Debug */ = {
			isa = XCBuildConfiguration;
			buildSettings = {
				ASSETCATALOG_COMPILER_APPICON_NAME = AppIcon;
				ASSETCATALOG_COMPILER_GLOBAL_ACCENT_COLOR_NAME = AccentColor;
				CODE_SIGN_STYLE = Automatic;
				CURRENT_PROJECT_VERSION = 1;
				DEVELOPMENT_ASSET_PATHS = "\"RandomPlace/Preview Content\"";
				DEVELOPMENT_TEAM = F7THTSRVL7;
				ENABLE_PREVIEWS = YES;
				GENERATE_INFOPLIST_FILE = YES;
				INFOPLIST_KEY_UIApplicationSceneManifest_Generation = YES;
				INFOPLIST_KEY_UIApplicationSupportsIndirectInputEvents = YES;
				INFOPLIST_KEY_UILaunchScreen_Generation = YES;
				INFOPLIST_KEY_UISupportedInterfaceOrientations_iPad = "UIInterfaceOrientationPortrait UIInterfaceOrientationPortraitUpsideDown UIInterfaceOrientationLandscapeLeft UIInterfaceOrientationLandscapeRight";
				INFOPLIST_KEY_UISupportedInterfaceOrientations_iPhone = "UIInterfaceOrientationPortrait UIInterfaceOrientationLandscapeLeft UIInterfaceOrientationLandscapeRight";
				LD_RUNPATH_SEARCH_PATHS = (
					"$(inherited)",
					"@executable_path/Frameworks",
				);
				MARKETING_VERSION = 1.0;
				PRODUCT_BUNDLE_IDENTIFIER = practice.RandomPlace;
				PRODUCT_NAME = "$(TARGET_NAME)";
				SWIFT_EMIT_LOC_STRINGS = YES;
				SWIFT_VERSION = 5.0;
				TARGETED_DEVICE_FAMILY = "1,2";
			};
			name = Debug;
		};
		ED8B3A3B29B0C87300C0EA78 /* Release */ = {
			isa = XCBuildConfiguration;
			buildSettings = {
				ASSETCATALOG_COMPILER_APPICON_NAME = AppIcon;
				ASSETCATALOG_COMPILER_GLOBAL_ACCENT_COLOR_NAME = AccentColor;
				CODE_SIGN_STYLE = Automatic;
				CURRENT_PROJECT_VERSION = 1;
				DEVELOPMENT_ASSET_PATHS = "\"RandomPlace/Preview Content\"";
				DEVELOPMENT_TEAM = F7THTSRVL7;
				ENABLE_PREVIEWS = YES;
				GENERATE_INFOPLIST_FILE = YES;
				INFOPLIST_KEY_UIApplicationSceneManifest_Generation = YES;
				INFOPLIST_KEY_UIApplicationSupportsIndirectInputEvents = YES;
				INFOPLIST_KEY_UILaunchScreen_Generation = YES;
				INFOPLIST_KEY_UISupportedInterfaceOrientations_iPad = "UIInterfaceOrientationPortrait UIInterfaceOrientationPortraitUpsideDown UIInterfaceOrientationLandscapeLeft UIInterfaceOrientationLandscapeRight";
				INFOPLIST_KEY_UISupportedInterfaceOrientations_iPhone = "UIInterfaceOrientationPortrait UIInterfaceOrientationLandscapeLeft UIInterfaceOrientationLandscapeRight";
				LD_RUNPATH_SEARCH_PATHS = (
					"$(inherited)",
					"@executable_path/Frameworks",
				);
				MARKETING_VERSION = 1.0;
				PRODUCT_BUNDLE_IDENTIFIER = practice.RandomPlace;
				PRODUCT_NAME = "$(TARGET_NAME)";
				SWIFT_EMIT_LOC_STRINGS = YES;
				SWIFT_VERSION = 5.0;
				TARGETED_DEVICE_FAMILY = "1,2";
			};
			name = Release;
		};
		ED8B3A3D29B0C87300C0EA78 /* Debug */ = {
			isa = XCBuildConfiguration;
			buildSettings = {
				ALWAYS_EMBED_SWIFT_STANDARD_LIBRARIES = YES;
				BUNDLE_LOADER = "$(TEST_HOST)";
				CODE_SIGN_STYLE = Automatic;
				CURRENT_PROJECT_VERSION = 1;
				DEVELOPMENT_TEAM = F7THTSRVL7;
				GENERATE_INFOPLIST_FILE = YES;
				IPHONEOS_DEPLOYMENT_TARGET = 16.2;
				MARKETING_VERSION = 1.0;
				PRODUCT_BUNDLE_IDENTIFIER = practice.RandomPlaceTests;
				PRODUCT_NAME = "$(TARGET_NAME)";
				SWIFT_EMIT_LOC_STRINGS = NO;
				SWIFT_VERSION = 5.0;
				TARGETED_DEVICE_FAMILY = "1,2";
				TEST_HOST = "$(BUILT_PRODUCTS_DIR)/RandomPlace.app/$(BUNDLE_EXECUTABLE_FOLDER_PATH)/RandomPlace";
			};
			name = Debug;
		};
		ED8B3A3E29B0C87300C0EA78 /* Release */ = {
			isa = XCBuildConfiguration;
			buildSettings = {
				ALWAYS_EMBED_SWIFT_STANDARD_LIBRARIES = YES;
				BUNDLE_LOADER = "$(TEST_HOST)";
				CODE_SIGN_STYLE = Automatic;
				CURRENT_PROJECT_VERSION = 1;
				DEVELOPMENT_TEAM = F7THTSRVL7;
				GENERATE_INFOPLIST_FILE = YES;
				IPHONEOS_DEPLOYMENT_TARGET = 16.2;
				MARKETING_VERSION = 1.0;
				PRODUCT_BUNDLE_IDENTIFIER = practice.RandomPlaceTests;
				PRODUCT_NAME = "$(TARGET_NAME)";
				SWIFT_EMIT_LOC_STRINGS = NO;
				SWIFT_VERSION = 5.0;
				TARGETED_DEVICE_FAMILY = "1,2";
				TEST_HOST = "$(BUILT_PRODUCTS_DIR)/RandomPlace.app/$(BUNDLE_EXECUTABLE_FOLDER_PATH)/RandomPlace";
			};
			name = Release;
		};
		ED8B3A4029B0C87300C0EA78 /* Debug */ = {
			isa = XCBuildConfiguration;
			buildSettings = {
				ALWAYS_EMBED_SWIFT_STANDARD_LIBRARIES = YES;
				CODE_SIGN_STYLE = Automatic;
				CURRENT_PROJECT_VERSION = 1;
				DEVELOPMENT_TEAM = F7THTSRVL7;
				GENERATE_INFOPLIST_FILE = YES;
				MARKETING_VERSION = 1.0;
				PRODUCT_BUNDLE_IDENTIFIER = practice.RandomPlaceUITests;
				PRODUCT_NAME = "$(TARGET_NAME)";
				SWIFT_EMIT_LOC_STRINGS = NO;
				SWIFT_VERSION = 5.0;
				TARGETED_DEVICE_FAMILY = "1,2";
				TEST_TARGET_NAME = RandomPlace;
			};
			name = Debug;
		};
		ED8B3A4129B0C87300C0EA78 /* Release */ = {
			isa = XCBuildConfiguration;
			buildSettings = {
				ALWAYS_EMBED_SWIFT_STANDARD_LIBRARIES = YES;
				CODE_SIGN_STYLE = Automatic;
				CURRENT_PROJECT_VERSION = 1;
				DEVELOPMENT_TEAM = F7THTSRVL7;
				GENERATE_INFOPLIST_FILE = YES;
				MARKETING_VERSION = 1.0;
				PRODUCT_BUNDLE_IDENTIFIER = practice.RandomPlaceUITests;
				PRODUCT_NAME = "$(TARGET_NAME)";
				SWIFT_EMIT_LOC_STRINGS = NO;
				SWIFT_VERSION = 5.0;
				TARGETED_DEVICE_FAMILY = "1,2";
				TEST_TARGET_NAME = RandomPlace;
			};
			name = Release;
		};
/* End XCBuildConfiguration section */

/* Begin XCConfigurationList section */
		ED8B3A1029B0C87100C0EA78 /* Build configuration list for PBXProject "RandomPlace" */ = {
			isa = XCConfigurationList;
			buildConfigurations = (
				ED8B3A3729B0C87300C0EA78 /* Debug */,
				ED8B3A3829B0C87300C0EA78 /* Release */,
			);
			defaultConfigurationIsVisible = 0;
			defaultConfigurationName = Release;
		};
		ED8B3A3929B0C87300C0EA78 /* Build configuration list for PBXNativeTarget "RandomPlace" */ = {
			isa = XCConfigurationList;
			buildConfigurations = (
				ED8B3A3A29B0C87300C0EA78 /* Debug */,
				ED8B3A3B29B0C87300C0EA78 /* Release */,
			);
			defaultConfigurationIsVisible = 0;
			defaultConfigurationName = Release;
		};
		ED8B3A3C29B0C87300C0EA78 /* Build configuration list for PBXNativeTarget "RandomPlaceTests" */ = {
			isa = XCConfigurationList;
			buildConfigurations = (
				ED8B3A3D29B0C87300C0EA78 /* Debug */,
				ED8B3A3E29B0C87300C0EA78 /* Release */,
			);
			defaultConfigurationIsVisible = 0;
			defaultConfigurationName = Release;
		};
		ED8B3A3F29B0C87300C0EA78 /* Build configuration list for PBXNativeTarget "RandomPlaceUITests" */ = {
			isa = XCConfigurationList;
			buildConfigurations = (
				ED8B3A4029B0C87300C0EA78 /* Debug */,
				ED8B3A4129B0C87300C0EA78 /* Release */,
			);
			defaultConfigurationIsVisible = 0;
			defaultConfigurationName = Release;
		};
/* End XCConfigurationList section */
	};
	rootObject = ED8B3A0D29B0C87100C0EA78 /* Project object */;
}
